
Microsoft Visual Studio Solution File, Format Version 12.00
# Visual Studio Version 16
VisualStudioVersion = 16.0.31402.337
MinimumVisualStudioVersion = 10.0.40219.1
Project("{FAE04EC0-301F-11D3-BF4B-00C04F79EFBC}") = "AlbumCollection.API", "back-end\AlbumCollection.API.csproj", "{AE4860E0-25A2-4842-94AC-19983C7517F1}"
EndProject
Project("{FAE04EC0-301F-11D3-BF4B-00C04F79EFBC}") = "AlbumCollection.Data", "AlbumCollection.Models\AlbumCollection.Data.csproj", "{D1A20896-E12D-44DD-814B-960F5370427F}"
EndProject
Global
	GlobalSection(SolutionConfigurationPlatforms) = preSolution
		Debug|Any CPU = Debug|Any CPU
		Release|Any CPU = Release|Any CPU
	EndGlobalSection
	GlobalSection(ProjectConfigurationPlatforms) = postSolution
		{AE4860E0-25A2-4842-94AC-19983C7517F1}.Debug|Any CPU.ActiveCfg = Debug|Any CPU
		{AE4860E0-25A2-4842-94AC-19983C7517F1}.Debug|Any CPU.Build.0 = Debug|Any CPU
		{AE4860E0-25A2-4842-94AC-19983C7517F1}.Release|Any CPU.ActiveCfg = Release|Any CPU
		{AE4860E0-25A2-4842-94AC-19983C7517F1}.Release|Any CPU.Build.0 = Release|Any CPU
		{D1A20896-E12D-44DD-814B-960F5370427F}.Debug|Any CPU.ActiveCfg = Debug|Any CPU
		{D1A20896-E12D-44DD-814B-960F5370427F}.Debug|Any CPU.Build.0 = Debug|Any CPU
		{D1A20896-E12D-44DD-814B-960F5370427F}.Release|Any CPU.ActiveCfg = Release|Any CPU
		{D1A20896-E12D-44DD-814B-960F5370427F}.Release|Any CPU.Build.0 = Release|Any CPU
	EndGlobalSection
	GlobalSection(SolutionProperties) = preSolution
		HideSolutionNode = FALSE
	EndGlobalSection
	GlobalSection(ExtensibilityGlobals) = postSolution
		SolutionGuid = {89019ADB-992A-4FD8-8E86-14778EB546A0}
	EndGlobalSection
EndGlobal
